
Microsoft Visual Studio Solution File, Format Version 12.00
# Visual Studio Version 16
VisualStudioVersion = 16.0.32413.511
MinimumVisualStudioVersion = 10.0.40219.1
Project("{FAE04EC0-301F-11D3-BF4B-00C04F79EFBC}") = "Yazılım_yapımı_proje", "Yazılım_yapımı_proje\Yazılım_yapımı_proje.csproj", "{EF9D6D0D-BF70-4E5C-A762-CE7E8C71533C}"
EndProject
Global
	GlobalSection(SolutionConfigurationPlatforms) = preSolution
		Debug|Any CPU = Debug|Any CPU
		Release|Any CPU = Release|Any CPU
	EndGlobalSection
	GlobalSection(ProjectConfigurationPlatforms) = postSolution
		{EF9D6D0D-BF70-4E5C-A762-CE7E8C71533C}.Debug|Any CPU.ActiveCfg = Debug|Any CPU
		{EF9D6D0D-BF70-4E5C-A762-CE7E8C71533C}.Debug|Any CPU.Build.0 = Debug|Any CPU
		{EF9D6D0D-BF70-4E5C-A762-CE7E8C71533C}.Release|Any CPU.ActiveCfg = Release|Any CPU
		{EF9D6D0D-BF70-4E5C-A762-CE7E8C71533C}.Release|Any CPU.Build.0 = Release|Any CPU
	EndGlobalSection
	GlobalSection(SolutionProperties) = preSolution
		HideSolutionNode = FALSE
	EndGlobalSection
	GlobalSection(ExtensibilityGlobals) = postSolution
		SolutionGuid = {A1CDD3DD-C70D-4CF4-A1AB-6D26D2DBF597}
	EndGlobalSection
EndGlobal
